
Microsoft Visual Studio Solution File, Format Version 12.00
# Visual Studio 14
VisualStudioVersion = 14.0.23107.0
MinimumVisualStudioVersion = 10.0.40219.1
Project("{FAE04EC0-301F-11D3-BF4B-00C04F79EFBC}") = "Fs.Test", "Fs.Test\Fs.Test.csproj", "{2E37E7A9-F270-4632-B73F-90CFDB8B3587}"
EndProject
Project("{F2A71F9B-5D33-465A-A702-920D77279786}") = "Fs.Problems", "Fs.Problems\Fs.Problems.fsproj", "{4B6F0D6D-A553-4186-83DA-32FAF07EFB9C}"
EndProject
Global
	GlobalSection(SolutionConfigurationPlatforms) = preSolution
		Debug|Any CPU = Debug|Any CPU
		Release|Any CPU = Release|Any CPU
	EndGlobalSection
	GlobalSection(ProjectConfigurationPlatforms) = postSolution
		{2E37E7A9-F270-4632-B73F-90CFDB8B3587}.Debug|Any CPU.ActiveCfg = Debug|Any CPU
		{2E37E7A9-F270-4632-B73F-90CFDB8B3587}.Debug|Any CPU.Build.0 = Debug|Any CPU
		{2E37E7A9-F270-4632-B73F-90CFDB8B3587}.Release|Any CPU.ActiveCfg = Release|Any CPU
		{2E37E7A9-F270-4632-B73F-90CFDB8B3587}.Release|Any CPU.Build.0 = Release|Any CPU
		{4B6F0D6D-A553-4186-83DA-32FAF07EFB9C}.Debug|Any CPU.ActiveCfg = Debug|Any CPU
		{4B6F0D6D-A553-4186-83DA-32FAF07EFB9C}.Debug|Any CPU.Build.0 = Debug|Any CPU
		{4B6F0D6D-A553-4186-83DA-32FAF07EFB9C}.Release|Any CPU.ActiveCfg = Release|Any CPU
		{4B6F0D6D-A553-4186-83DA-32FAF07EFB9C}.Release|Any CPU.Build.0 = Release|Any CPU
	EndGlobalSection
	GlobalSection(SolutionProperties) = preSolution
		HideSolutionNode = FALSE
	EndGlobalSection
EndGlobal
